// !$*UTF8*$!
{
	archiveVersion = 1;
	classes = {
	};
	objectVersion = 52;
	objects = {

/* Begin PBXBuildFile section */
		882FA3EB25913F0F00F84178 /* AppDelegate.swift in Sources */ = {isa = PBXBuildFile; fileRef = 882FA3EA25913F0F00F84178 /* AppDelegate.swift */; };
		882FA3ED25913F0F00F84178 /* SceneDelegate.swift in Sources */ = {isa = PBXBuildFile; fileRef = 882FA3EC25913F0F00F84178 /* SceneDelegate.swift */; };
		882FA3EF25913F0F00F84178 /* ViewController.swift in Sources */ = {isa = PBXBuildFile; fileRef = 882FA3EE25913F0F00F84178 /* ViewController.swift */; };
		882FA3F225913F0F00F84178 /* Main.storyboard in Resources */ = {isa = PBXBuildFile; fileRef = 882FA3F025913F0F00F84178 /* Main.storyboard */; };
		882FA3F525913F0F00F84178 /* MultipleSamplersAudioKit.xcdatamodeld in Sources */ = {isa = PBXBuildFile; fileRef = 882FA3F325913F0F00F84178 /* MultipleSamplersAudioKit.xcdatamodeld */; };
		882FA3F725913F1500F84178 /* Assets.xcassets in Resources */ = {isa = PBXBuildFile; fileRef = 882FA3F625913F1500F84178 /* Assets.xcassets */; };
		882FA3FA25913F1500F84178 /* LaunchScreen.storyboard in Resources */ = {isa = PBXBuildFile; fileRef = 882FA3F825913F1500F84178 /* LaunchScreen.storyboard */; };
		882FA40525913F1500F84178 /* MultipleSamplersAudioKitTests.swift in Sources */ = {isa = PBXBuildFile; fileRef = 882FA40425913F1500F84178 /* MultipleSamplersAudioKitTests.swift */; };
		882FA41025913F1500F84178 /* MultipleSamplersAudioKitUITests.swift in Sources */ = {isa = PBXBuildFile; fileRef = 882FA40F25913F1500F84178 /* MultipleSamplersAudioKitUITests.swift */; };
		882FA42225913F5700F84178 /* Conductor.swift in Sources */ = {isa = PBXBuildFile; fileRef = 882FA42125913F5700F84178 /* Conductor.swift */; };
		882FA4282591412100F84178 /* AudioKit in Frameworks */ = {isa = PBXBuildFile; productRef = 882FA4272591412100F84178 /* AudioKit */; };
		882FA4302591446300F84178 /* MultipleSamplers.sfz in Resources */ = {isa = PBXBuildFile; fileRef = 882FA42F2591446200F84178 /* MultipleSamplers.sfz */; };
		882FA4352591448D00F84178 /* RJ_C2.wav in Resources */ = {isa = PBXBuildFile; fileRef = 882FA4342591448D00F84178 /* RJ_C2.wav */; };
/* End PBXBuildFile section */

/* Begin PBXContainerItemProxy section */
		882FA40125913F1500F84178 /* PBXContainerItemProxy */ = {
			isa = PBXContainerItemProxy;
			containerPortal = 882FA3DF25913F0F00F84178 /* Project object */;
			proxyType = 1;
			remoteGlobalIDString = 882FA3E625913F0F00F84178;
			remoteInfo = MultipleSamplersAudioKit;
		};
		882FA40C25913F1500F84178 /* PBXContainerItemProxy */ = {
			isa = PBXContainerItemProxy;
			containerPortal = 882FA3DF25913F0F00F84178 /* Project object */;
			proxyType = 1;
			remoteGlobalIDString = 882FA3E625913F0F00F84178;
			remoteInfo = MultipleSamplersAudioKit;
		};
/* End PBXContainerItemProxy section */

/* Begin PBXFileReference section */
		882FA3E725913F0F00F84178 /* MultipleSamplersAudioKit.app */ = {isa = PBXFileReference; explicitFileType = wrapper.application; includeInIndex = 0; path = MultipleSamplersAudioKit.app; sourceTree = BUILT_PRODUCTS_DIR; };
		882FA3EA25913F0F00F84178 /* AppDelegate.swift */ = {isa = PBXFileReference; lastKnownFileType = sourcecode.swift; path = AppDelegate.swift; sourceTree = "<group>"; };
		882FA3EC25913F0F00F84178 /* SceneDelegate.swift */ = {isa = PBXFileReference; lastKnownFileType = sourcecode.swift; path = SceneDelegate.swift; sourceTree = "<group>"; };
		882FA3EE25913F0F00F84178 /* ViewController.swift */ = {isa = PBXFileReference; lastKnownFileType = sourcecode.swift; path = ViewController.swift; sourceTree = "<group>"; };
		882FA3F125913F0F00F84178 /* Base */ = {isa = PBXFileReference; lastKnownFileType = file.storyboard; name = Base; path = Base.lproj/Main.storyboard; sourceTree = "<group>"; };
		882FA3F425913F0F00F84178 /* MultipleSamplersAudioKit.xcdatamodel */ = {isa = PBXFileReference; lastKnownFileType = wrapper.xcdatamodel; path = MultipleSamplersAudioKit.xcdatamodel; sourceTree = "<group>"; };
		882FA3F625913F1500F84178 /* Assets.xcassets */ = {isa = PBXFileReference; lastKnownFileType = folder.assetcatalog; path = Assets.xcassets; sourceTree = "<group>"; };
		882FA3F925913F1500F84178 /* Base */ = {isa = PBXFileReference; lastKnownFileType = file.storyboard; name = Base; path = Base.lproj/LaunchScreen.storyboard; sourceTree = "<group>"; };
		882FA3FB25913F1500F84178 /* Info.plist */ = {isa = PBXFileReference; lastKnownFileType = text.plist.xml; path = Info.plist; sourceTree = "<group>"; };
		882FA40025913F1500F84178 /* MultipleSamplersAudioKitTests.xctest */ = {isa = PBXFileReference; explicitFileType = wrapper.cfbundle; includeInIndex = 0; path = MultipleSamplersAudioKitTests.xctest; sourceTree = BUILT_PRODUCTS_DIR; };
		882FA40425913F1500F84178 /* MultipleSamplersAudioKitTests.swift */ = {isa = PBXFileReference; lastKnownFileType = sourcecode.swift; path = MultipleSamplersAudioKitTests.swift; sourceTree = "<group>"; };
		882FA40625913F1500F84178 /* Info.plist */ = {isa = PBXFileReference; lastKnownFileType = text.plist.xml; path = Info.plist; sourceTree = "<group>"; };
		882FA40B25913F1500F84178 /* MultipleSamplersAudioKitUITests.xctest */ = {isa = PBXFileReference; explicitFileType = wrapper.cfbundle; includeInIndex = 0; path = MultipleSamplersAudioKitUITests.xctest; sourceTree = BUILT_PRODUCTS_DIR; };
		882FA40F25913F1500F84178 /* MultipleSamplersAudioKitUITests.swift */ = {isa = PBXFileReference; lastKnownFileType = sourcecode.swift; path = MultipleSamplersAudioKitUITests.swift; sourceTree = "<group>"; };
		882FA41125913F1500F84178 /* Info.plist */ = {isa = PBXFileReference; lastKnownFileType = text.plist.xml; path = Info.plist; sourceTree = "<group>"; };
		882FA42125913F5700F84178 /* Conductor.swift */ = {isa = PBXFileReference; lastKnownFileType = sourcecode.swift; path = Conductor.swift; sourceTree = "<group>"; };
		882FA42F2591446200F84178 /* MultipleSamplers.sfz */ = {isa = PBXFileReference; fileEncoding = 4; lastKnownFileType = text; path = MultipleSamplers.sfz; sourceTree = "<group>"; };
		882FA4342591448D00F84178 /* RJ_C2.wav */ = {isa = PBXFileReference; lastKnownFileType = audio.wav; path = RJ_C2.wav; sourceTree = "<group>"; };
/* End PBXFileReference section */

/* Begin PBXFrameworksBuildPhase section */
		882FA3E425913F0F00F84178 /* Frameworks */ = {
			isa = PBXFrameworksBuildPhase;
			buildActionMask = 2147483647;
			files = (
				882FA4282591412100F84178 /* AudioKit in Frameworks */,
			);
			runOnlyForDeploymentPostprocessing = 0;
		};
		882FA3FD25913F1500F84178 /* Frameworks */ = {
			isa = PBXFrameworksBuildPhase;
			buildActionMask = 2147483647;
			files = (
			);
			runOnlyForDeploymentPostprocessing = 0;
		};
		882FA40825913F1500F84178 /* Frameworks */ = {
			isa = PBXFrameworksBuildPhase;
			buildActionMask = 2147483647;
			files = (
			);
			runOnlyForDeploymentPostprocessing = 0;
		};
/* End PBXFrameworksBuildPhase section */

/* Begin PBXGroup section */
		882FA3DE25913F0F00F84178 = {
			isa = PBXGroup;
			children = (
				882FA3E925913F0F00F84178 /* MultipleSamplersAudioKit */,
				882FA40325913F1500F84178 /* MultipleSamplersAudioKitTests */,
				882FA40E25913F1500F84178 /* MultipleSamplersAudioKitUITests */,
				882FA3E825913F0F00F84178 /* Products */,
			);
			sourceTree = "<group>";
		};
		882FA3E825913F0F00F84178 /* Products */ = {
			isa = PBXGroup;
			children = (
				882FA3E725913F0F00F84178 /* MultipleSamplersAudioKit.app */,
				882FA40025913F1500F84178 /* MultipleSamplersAudioKitTests.xctest */,
				882FA40B25913F1500F84178 /* MultipleSamplersAudioKitUITests.xctest */,
			);
			name = Products;
			sourceTree = "<group>";
		};
		882FA3E925913F0F00F84178 /* MultipleSamplersAudioKit */ = {
			isa = PBXGroup;
			children = (
				882FA3EA25913F0F00F84178 /* AppDelegate.swift */,
				882FA3EC25913F0F00F84178 /* SceneDelegate.swift */,
				882FA3EE25913F0F00F84178 /* ViewController.swift */,
				882FA3F025913F0F00F84178 /* Main.storyboard */,
				882FA3F625913F1500F84178 /* Assets.xcassets */,
				882FA4342591448D00F84178 /* RJ_C2.wav */,
				882FA42F2591446200F84178 /* MultipleSamplers.sfz */,
				882FA3F825913F1500F84178 /* LaunchScreen.storyboard */,
				882FA3FB25913F1500F84178 /* Info.plist */,
				882FA3F325913F0F00F84178 /* MultipleSamplersAudioKit.xcdatamodeld */,
				882FA42125913F5700F84178 /* Conductor.swift */,
			);
			path = MultipleSamplersAudioKit;
			sourceTree = "<group>";
		};
		882FA40325913F1500F84178 /* MultipleSamplersAudioKitTests */ = {
			isa = PBXGroup;
			children = (
				882FA40425913F1500F84178 /* MultipleSamplersAudioKitTests.swift */,
				882FA40625913F1500F84178 /* Info.plist */,
			);
			path = MultipleSamplersAudioKitTests;
			sourceTree = "<group>";
		};
		882FA40E25913F1500F84178 /* MultipleSamplersAudioKitUITests */ = {
			isa = PBXGroup;
			children = (
				882FA40F25913F1500F84178 /* MultipleSamplersAudioKitUITests.swift */,
				882FA41125913F1500F84178 /* Info.plist */,
			);
			path = MultipleSamplersAudioKitUITests;
			sourceTree = "<group>";
		};
/* End PBXGroup section */

/* Begin PBXNativeTarget section */
		882FA3E625913F0F00F84178 /* MultipleSamplersAudioKit */ = {
			isa = PBXNativeTarget;
			buildConfigurationList = 882FA41425913F1500F84178 /* Build configuration list for PBXNativeTarget "MultipleSamplersAudioKit" */;
			buildPhases = (
				882FA3E325913F0F00F84178 /* Sources */,
				882FA3E425913F0F00F84178 /* Frameworks */,
				882FA3E525913F0F00F84178 /* Resources */,
			);
			buildRules = (
			);
			dependencies = (
			);
			name = MultipleSamplersAudioKit;
			packageProductDependencies = (
				882FA4272591412100F84178 /* AudioKit */,
			);
			productName = MultipleSamplersAudioKit;
			productReference = 882FA3E725913F0F00F84178 /* MultipleSamplersAudioKit.app */;
			productType = "com.apple.product-type.application";
		};
		882FA3FF25913F1500F84178 /* MultipleSamplersAudioKitTests */ = {
			isa = PBXNativeTarget;
			buildConfigurationList = 882FA41725913F1500F84178 /* Build configuration list for PBXNativeTarget "MultipleSamplersAudioKitTests" */;
			buildPhases = (
				882FA3FC25913F1500F84178 /* Sources */,
				882FA3FD25913F1500F84178 /* Frameworks */,
				882FA3FE25913F1500F84178 /* Resources */,
			);
			buildRules = (
			);
			dependencies = (
				882FA40225913F1500F84178 /* PBXTargetDependency */,
			);
			name = MultipleSamplersAudioKitTests;
			productName = MultipleSamplersAudioKitTests;
			productReference = 882FA40025913F1500F84178 /* MultipleSamplersAudioKitTests.xctest */;
			productType = "com.apple.product-type.bundle.unit-test";
		};
		882FA40A25913F1500F84178 /* MultipleSamplersAudioKitUITests */ = {
			isa = PBXNativeTarget;
			buildConfigurationList = 882FA41A25913F1500F84178 /* Build configuration list for PBXNativeTarget "MultipleSamplersAudioKitUITests" */;
			buildPhases = (
				882FA40725913F1500F84178 /* Sources */,
				882FA40825913F1500F84178 /* Frameworks */,
				882FA40925913F1500F84178 /* Resources */,
			);
			buildRules = (
			);
			dependencies = (
				882FA40D25913F1500F84178 /* PBXTargetDependency */,
			);
			name = MultipleSamplersAudioKitUITests;
			productName = MultipleSamplersAudioKitUITests;
			productReference = 882FA40B25913F1500F84178 /* MultipleSamplersAudioKitUITests.xctest */;
			productType = "com.apple.product-type.bundle.ui-testing";
		};
/* End PBXNativeTarget section */

/* Begin PBXProject section */
		882FA3DF25913F0F00F84178 /* Project object */ = {
			isa = PBXProject;
			attributes = {
				LastSwiftUpdateCheck = 1220;
				LastUpgradeCheck = 1220;
				TargetAttributes = {
					882FA3E625913F0F00F84178 = {
						CreatedOnToolsVersion = 12.2;
					};
					882FA3FF25913F1500F84178 = {
						CreatedOnToolsVersion = 12.2;
						TestTargetID = 882FA3E625913F0F00F84178;
					};
					882FA40A25913F1500F84178 = {
						CreatedOnToolsVersion = 12.2;
						TestTargetID = 882FA3E625913F0F00F84178;
					};
				};
			};
			buildConfigurationList = 882FA3E225913F0F00F84178 /* Build configuration list for PBXProject "MultipleSamplersAudioKit" */;
			compatibilityVersion = "Xcode 9.3";
			developmentRegion = en;
			hasScannedForEncodings = 0;
			knownRegions = (
				en,
				Base,
			);
			mainGroup = 882FA3DE25913F0F00F84178;
			packageReferences = (
				882FA4262591412100F84178 /* XCRemoteSwiftPackageReference "AudioKit" */,
			);
			productRefGroup = 882FA3E825913F0F00F84178 /* Products */;
			projectDirPath = "";
			projectRoot = "";
			targets = (
				882FA3E625913F0F00F84178 /* MultipleSamplersAudioKit */,
				882FA3FF25913F1500F84178 /* MultipleSamplersAudioKitTests */,
				882FA40A25913F1500F84178 /* MultipleSamplersAudioKitUITests */,
			);
		};
/* End PBXProject section */

/* Begin PBXResourcesBuildPhase section */
		882FA3E525913F0F00F84178 /* Resources */ = {
			isa = PBXResourcesBuildPhase;
			buildActionMask = 2147483647;
			files = (
				882FA4302591446300F84178 /* MultipleSamplers.sfz in Resources */,
				882FA4352591448D00F84178 /* RJ_C2.wav in Resources */,
				882FA3FA25913F1500F84178 /* LaunchScreen.storyboard in Resources */,
				882FA3F725913F1500F84178 /* Assets.xcassets in Resources */,
				882FA3F225913F0F00F84178 /* Main.storyboard in Resources */,
			);
			runOnlyForDeploymentPostprocessing = 0;
		};
		882FA3FE25913F1500F84178 /* Resources */ = {
			isa = PBXResourcesBuildPhase;
			buildActionMask = 2147483647;
			files = (
			);
			runOnlyForDeploymentPostprocessing = 0;
		};
		882FA40925913F1500F84178 /* Resources */ = {
			isa = PBXResourcesBuildPhase;
			buildActionMask = 2147483647;
			files = (
			);
			runOnlyForDeploymentPostprocessing = 0;
		};
/* End PBXResourcesBuildPhase section */

/* Begin PBXSourcesBuildPhase section */
		882FA3E325913F0F00F84178 /* Sources */ = {
			isa = PBXSourcesBuildPhase;
			buildActionMask = 2147483647;
			files = (
				882FA3EF25913F0F00F84178 /* ViewController.swift in Sources */,
				882FA3EB25913F0F00F84178 /* AppDelegate.swift in Sources */,
				882FA42225913F5700F84178 /* Conductor.swift in Sources */,
				882FA3F525913F0F00F84178 /* MultipleSamplersAudioKit.xcdatamodeld in Sources */,
				882FA3ED25913F0F00F84178 /* SceneDelegate.swift in Sources */,
			);
			runOnlyForDeploymentPostprocessing = 0;
		};
		882FA3FC25913F1500F84178 /* Sources */ = {
			isa = PBXSourcesBuildPhase;
			buildActionMask = 2147483647;
			files = (
				882FA40525913F1500F84178 /* MultipleSamplersAudioKitTests.swift in Sources */,
			);
			runOnlyForDeploymentPostprocessing = 0;
		};
		882FA40725913F1500F84178 /* Sources */ = {
			isa = PBXSourcesBuildPhase;
			buildActionMask = 2147483647;
			files = (
				882FA41025913F1500F84178 /* MultipleSamplersAudioKitUITests.swift in Sources */,
			);
			runOnlyForDeploymentPostprocessing = 0;
		};
/* End PBXSourcesBuildPhase section */

/* Begin PBXTargetDependency section */
		882FA40225913F1500F84178 /* PBXTargetDependency */ = {
			isa = PBXTargetDependency;
			target = 882FA3E625913F0F00F84178 /* MultipleSamplersAudioKit */;
			targetProxy = 882FA40125913F1500F84178 /* PBXContainerItemProxy */;
		};
		882FA40D25913F1500F84178 /* PBXTargetDependency */ = {
			isa = PBXTargetDependency;
			target = 882FA3E625913F0F00F84178 /* MultipleSamplersAudioKit */;
			targetProxy = 882FA40C25913F1500F84178 /* PBXContainerItemProxy */;
		};
/* End PBXTargetDependency section */

/* Begin PBXVariantGroup section */
		882FA3F025913F0F00F84178 /* Main.storyboard */ = {
			isa = PBXVariantGroup;
			children = (
				882FA3F125913F0F00F84178 /* Base */,
			);
			name = Main.storyboard;
			sourceTree = "<group>";
		};
		882FA3F825913F1500F84178 /* LaunchScreen.storyboard */ = {
			isa = PBXVariantGroup;
			children = (
				882FA3F925913F1500F84178 /* Base */,
			);
			name = LaunchScreen.storyboard;
			sourceTree = "<group>";
		};
/* End PBXVariantGroup section */

/* Begin XCBuildConfiguration section */
		882FA41225913F1500F84178 /* Debug */ = {
			isa = XCBuildConfiguration;
			buildSettings = {
				ALWAYS_SEARCH_USER_PATHS = NO;
				CLANG_ANALYZER_NONNULL = YES;
				CLANG_ANALYZER_NUMBER_OBJECT_CONVERSION = YES_AGGRESSIVE;
				CLANG_CXX_LANGUAGE_STANDARD = "gnu++14";
				CLANG_CXX_LIBRARY = "libc++";
				CLANG_ENABLE_MODULES = YES;
				CLANG_ENABLE_OBJC_ARC = YES;
				CLANG_ENABLE_OBJC_WEAK = YES;
				CLANG_WARN_BLOCK_CAPTURE_AUTORELEASING = YES;
				CLANG_WARN_BOOL_CONVERSION = YES;
				CLANG_WARN_COMMA = YES;
				CLANG_WARN_CONSTANT_CONVERSION = YES;
				CLANG_WARN_DEPRECATED_OBJC_IMPLEMENTATIONS = YES;
				CLANG_WARN_DIRECT_OBJC_ISA_USAGE = YES_ERROR;
				CLANG_WARN_DOCUMENTATION_COMMENTS = YES;
				CLANG_WARN_EMPTY_BODY = YES;
				CLANG_WARN_ENUM_CONVERSION = YES;
				CLANG_WARN_INFINITE_RECURSION = YES;
				CLANG_WARN_INT_CONVERSION = YES;
				CLANG_WARN_NON_LITERAL_NULL_CONVERSION = YES;
				CLANG_WARN_OBJC_IMPLICIT_RETAIN_SELF = YES;
				CLANG_WARN_OBJC_LITERAL_CONVERSION = YES;
				CLANG_WARN_OBJC_ROOT_CLASS = YES_ERROR;
				CLANG_WARN_QUOTED_INCLUDE_IN_FRAMEWORK_HEADER = YES;
				CLANG_WARN_RANGE_LOOP_ANALYSIS = YES;
				CLANG_WARN_STRICT_PROTOTYPES = YES;
				CLANG_WARN_SUSPICIOUS_MOVE = YES;
				CLANG_WARN_UNGUARDED_AVAILABILITY = YES_AGGRESSIVE;
				CLANG_WARN_UNREACHABLE_CODE = YES;
				CLANG_WARN__DUPLICATE_METHOD_MATCH = YES;
				COPY_PHASE_STRIP = NO;
				DEBUG_INFORMATION_FORMAT = dwarf;
				ENABLE_STRICT_OBJC_MSGSEND = YES;
				ENABLE_TESTABILITY = YES;
				GCC_C_LANGUAGE_STANDARD = gnu11;
				GCC_DYNAMIC_NO_PIC = NO;
				GCC_NO_COMMON_BLOCKS = YES;
				GCC_OPTIMIZATION_LEVEL = 0;
				GCC_PREPROCESSOR_DEFINITIONS = (
					"DEBUG=1",
					"$(inherited)",
				);
				GCC_WARN_64_TO_32_BIT_CONVERSION = YES;
				GCC_WARN_ABOUT_RETURN_TYPE = YES_ERROR;
				GCC_WARN_UNDECLARED_SELECTOR = YES;
				GCC_WARN_UNINITIALIZED_AUTOS = YES_AGGRESSIVE;
				GCC_WARN_UNUSED_FUNCTION = YES;
				GCC_WARN_UNUSED_VARIABLE = YES;
				IPHONEOS_DEPLOYMENT_TARGET = 14.2;
				MTL_ENABLE_DEBUG_INFO = INCLUDE_SOURCE;
				MTL_FAST_MATH = YES;
				ONLY_ACTIVE_ARCH = YES;
				SDKROOT = iphoneos;
				SWIFT_ACTIVE_COMPILATION_CONDITIONS = DEBUG;
				SWIFT_OPTIMIZATION_LEVEL = "-Onone";
			};
			name = Debug;
		};
		882FA41325913F1500F84178 /* Release */ = {
			isa = XCBuildConfiguration;
			buildSettings = {
				ALWAYS_SEARCH_USER_PATHS = NO;
				CLANG_ANALYZER_NONNULL = YES;
				CLANG_ANALYZER_NUMBER_OBJECT_CONVERSION = YES_AGGRESSIVE;
				CLANG_CXX_LANGUAGE_STANDARD = "gnu++14";
				CLANG_CXX_LIBRARY = "libc++";
				CLANG_ENABLE_MODULES = YES;
				CLANG_ENABLE_OBJC_ARC = YES;
				CLANG_ENABLE_OBJC_WEAK = YES;
				CLANG_WARN_BLOCK_CAPTURE_AUTORELEASING = YES;
				CLANG_WARN_BOOL_CONVERSION = YES;
				CLANG_WARN_COMMA = YES;
				CLANG_WARN_CONSTANT_CONVERSION = YES;
				CLANG_WARN_DEPRECATED_OBJC_IMPLEMENTATIONS = YES;
				CLANG_WARN_DIRECT_OBJC_ISA_USAGE = YES_ERROR;
				CLANG_WARN_DOCUMENTATION_COMMENTS = YES;
				CLANG_WARN_EMPTY_BODY = YES;
				CLANG_WARN_ENUM_CONVERSION = YES;
				CLANG_WARN_INFINITE_RECURSION = YES;
				CLANG_WARN_INT_CONVERSION = YES;
				CLANG_WARN_NON_LITERAL_NULL_CONVERSION = YES;
				CLANG_WARN_OBJC_IMPLICIT_RETAIN_SELF = YES;
				CLANG_WARN_OBJC_LITERAL_CONVERSION = YES;
				CLANG_WARN_OBJC_ROOT_CLASS = YES_ERROR;
				CLANG_WARN_QUOTED_INCLUDE_IN_FRAMEWORK_HEADER = YES;
				CLANG_WARN_RANGE_LOOP_ANALYSIS = YES;
				CLANG_WARN_STRICT_PROTOTYPES = YES;
				CLANG_WARN_SUSPICIOUS_MOVE = YES;
				CLANG_WARN_UNGUARDED_AVAILABILITY = YES_AGGRESSIVE;
				CLANG_WARN_UNREACHABLE_CODE = YES;
				CLANG_WARN__DUPLICATE_METHOD_MATCH = YES;
				COPY_PHASE_STRIP = NO;
				DEBUG_INFORMATION_FORMAT = "dwarf-with-dsym";
				ENABLE_NS_ASSERTIONS = NO;
				ENABLE_STRICT_OBJC_MSGSEND = YES;
				GCC_C_LANGUAGE_STANDARD = gnu11;
				GCC_NO_COMMON_BLOCKS = YES;
				GCC_WARN_64_TO_32_BIT_CONVERSION = YES;
				GCC_WARN_ABOUT_RETURN_TYPE = YES_ERROR;
				GCC_WARN_UNDECLARED_SELECTOR = YES;
				GCC_WARN_UNINITIALIZED_AUTOS = YES_AGGRESSIVE;
				GCC_WARN_UNUSED_FUNCTION = YES;
				GCC_WARN_UNUSED_VARIABLE = YES;
				IPHONEOS_DEPLOYMENT_TARGET = 14.2;
				MTL_ENABLE_DEBUG_INFO = NO;
				MTL_FAST_MATH = YES;
				SDKROOT = iphoneos;
				SWIFT_COMPILATION_MODE = wholemodule;
				SWIFT_OPTIMIZATION_LEVEL = "-O";
				VALIDATE_PRODUCT = YES;
			};
			name = Release;
		};
		882FA41525913F1500F84178 /* Debug */ = {
			isa = XCBuildConfiguration;
			buildSettings = {
				ASSETCATALOG_COMPILER_APPICON_NAME = AppIcon;
				ASSETCATALOG_COMPILER_GLOBAL_ACCENT_COLOR_NAME = AccentColor;
				CODE_SIGN_STYLE = Automatic;
				DEVELOPMENT_TEAM = J3TTKFQTZ7;
				INFOPLIST_FILE = MultipleSamplersAudioKit/Info.plist;
				LD_RUNPATH_SEARCH_PATHS = (
					"$(inherited)",
					"@executable_path/Frameworks",
				);
				PRODUCT_BUNDLE_IDENTIFIER = "Nicolaas-Danneels.MultipleSamplersAudioKit";
				PRODUCT_NAME = "$(TARGET_NAME)";
				SWIFT_VERSION = 5.0;
				TARGETED_DEVICE_FAMILY = "1,2";
			};
			name = Debug;
		};
		882FA41625913F1500F84178 /* Release */ = {
			isa = XCBuildConfiguration;
			buildSettings = {
				ASSETCATALOG_COMPILER_APPICON_NAME = AppIcon;
				ASSETCATALOG_COMPILER_GLOBAL_ACCENT_COLOR_NAME = AccentColor;
				CODE_SIGN_STYLE = Automatic;
				DEVELOPMENT_TEAM = J3TTKFQTZ7;
				INFOPLIST_FILE = MultipleSamplersAudioKit/Info.plist;
				LD_RUNPATH_SEARCH_PATHS = (
					"$(inherited)",
					"@executable_path/Frameworks",
				);
				PRODUCT_BUNDLE_IDENTIFIER = "Nicolaas-Danneels.MultipleSamplersAudioKit";
				PRODUCT_NAME = "$(TARGET_NAME)";
				SWIFT_VERSION = 5.0;
				TARGETED_DEVICE_FAMILY = "1,2";
			};
			name = Release;
		};
		882FA41825913F1500F84178 /* Debug */ = {
			isa = XCBuildConfiguration;
			buildSettings = {
				ALWAYS_EMBED_SWIFT_STANDARD_LIBRARIES = YES;
				BUNDLE_LOADER = "$(TEST_HOST)";
				CODE_SIGN_STYLE = Automatic;
				DEVELOPMENT_TEAM = J3TTKFQTZ7;
				INFOPLIST_FILE = MultipleSamplersAudioKitTests/Info.plist;
				IPHONEOS_DEPLOYMENT_TARGET = 14.2;
				LD_RUNPATH_SEARCH_PATHS = (
					"$(inherited)",
					"@executable_path/Frameworks",
					"@loader_path/Frameworks",
				);
				PRODUCT_BUNDLE_IDENTIFIER = "Nicolaas-Danneels.MultipleSamplersAudioKitTests";
				PRODUCT_NAME = "$(TARGET_NAME)";
				SWIFT_VERSION = 5.0;
				TARGETED_DEVICE_FAMILY = "1,2";
				TEST_HOST = "$(BUILT_PRODUCTS_DIR)/MultipleSamplersAudioKit.app/MultipleSamplersAudioKit";
			};
			name = Debug;
		};
		882FA41925913F1500F84178 /* Release */ = {
			isa = XCBuildConfiguration;
			buildSettings = {
				ALWAYS_EMBED_SWIFT_STANDARD_LIBRARIES = YES;
				BUNDLE_LOADER = "$(TEST_HOST)";
				CODE_SIGN_STYLE = Automatic;
				DEVELOPMENT_TEAM = J3TTKFQTZ7;
				INFOPLIST_FILE = MultipleSamplersAudioKitTests/Info.plist;
				IPHONEOS_DEPLOYMENT_TARGET = 14.2;
				LD_RUNPATH_SEARCH_PATHS = (
					"$(inherited)",
					"@executable_path/Frameworks",
					"@loader_path/Frameworks",
				);
				PRODUCT_BUNDLE_IDENTIFIER = "Nicolaas-Danneels.MultipleSamplersAudioKitTests";
				PRODUCT_NAME = "$(TARGET_NAME)";
				SWIFT_VERSION = 5.0;
				TARGETED_DEVICE_FAMILY = "1,2";
				TEST_HOST = "$(BUILT_PRODUCTS_DIR)/MultipleSamplersAudioKit.app/MultipleSamplersAudioKit";
			};
			name = Release;
		};
		882FA41B25913F1500F84178 /* Debug */ = {
			isa = XCBuildConfiguration;
			buildSettings = {
				ALWAYS_EMBED_SWIFT_STANDARD_LIBRARIES = YES;
				CODE_SIGN_STYLE = Automatic;
				DEVELOPMENT_TEAM = J3TTKFQTZ7;
				INFOPLIST_FILE = MultipleSamplersAudioKitUITests/Info.plist;
				LD_RUNPATH_SEARCH_PATHS = (
					"$(inherited)",
					"@executable_path/Frameworks",
					"@loader_path/Frameworks",
				);
				PRODUCT_BUNDLE_IDENTIFIER = "Nicolaas-Danneels.MultipleSamplersAudioKitUITests";
				PRODUCT_NAME = "$(TARGET_NAME)";
				SWIFT_VERSION = 5.0;
				TARGETED_DEVICE_FAMILY = "1,2";
				TEST_TARGET_NAME = MultipleSamplersAudioKit;
			};
			name = Debug;
		};
		882FA41C25913F1500F84178 /* Release */ = {
			isa = XCBuildConfiguration;
			buildSettings = {
				ALWAYS_EMBED_SWIFT_STANDARD_LIBRARIES = YES;
				CODE_SIGN_STYLE = Automatic;
				DEVELOPMENT_TEAM = J3TTKFQTZ7;
				INFOPLIST_FILE = MultipleSamplersAudioKitUITests/Info.plist;
				LD_RUNPATH_SEARCH_PATHS = (
					"$(inherited)",
					"@executable_path/Frameworks",
					"@loader_path/Frameworks",
				);
				PRODUCT_BUNDLE_IDENTIFIER = "Nicolaas-Danneels.MultipleSamplersAudioKitUITests";
				PRODUCT_NAME = "$(TARGET_NAME)";
				SWIFT_VERSION = 5.0;
				TARGETED_DEVICE_FAMILY = "1,2";
				TEST_TARGET_NAME = MultipleSamplersAudioKit;
			};
			name = Release;
		};
/* End XCBuildConfiguration section */

/* Begin XCConfigurationList section */
		882FA3E225913F0F00F84178 /* Build configuration list for PBXProject "MultipleSamplersAudioKit" */ = {
			isa = XCConfigurationList;
			buildConfigurations = (
				882FA41225913F1500F84178 /* Debug */,
				882FA41325913F1500F84178 /* Release */,
			);
			defaultConfigurationIsVisible = 0;
			defaultConfigurationName = Release;
		};
		882FA41425913F1500F84178 /* Build configuration list for PBXNativeTarget "MultipleSamplersAudioKit" */ = {
			isa = XCConfigurationList;
			buildConfigurations = (
				882FA41525913F1500F84178 /* Debug */,
				882FA41625913F1500F84178 /* Release */,
			);
			defaultConfigurationIsVisible = 0;
			defaultConfigurationName = Release;
		};
		882FA41725913F1500F84178 /* Build configuration list for PBXNativeTarget "MultipleSamplersAudioKitTests" */ = {
			isa = XCConfigurationList;
			buildConfigurations = (
				882FA41825913F1500F84178 /* Debug */,
				882FA41925913F1500F84178 /* Release */,
			);
			defaultConfigurationIsVisible = 0;
			defaultConfigurationName = Release;
		};
		882FA41A25913F1500F84178 /* Build configuration list for PBXNativeTarget "MultipleSamplersAudioKitUITests" */ = {
			isa = XCConfigurationList;
			buildConfigurations = (
				882FA41B25913F1500F84178 /* Debug */,
				882FA41C25913F1500F84178 /* Release */,
			);
			defaultConfigurationIsVisible = 0;
			defaultConfigurationName = Release;
		};
/* End XCConfigurationList section */

/* Begin XCRemoteSwiftPackageReference section */
		882FA4262591412100F84178 /* XCRemoteSwiftPackageReference "AudioKit" */ = {
			isa = XCRemoteSwiftPackageReference;
			repositoryURL = "https://github.com/AudioKit/AudioKit";
			requirement = {
				branch = "v5-main";
				kind = branch;
			};
		};
/* End XCRemoteSwiftPackageReference section */

/* Begin XCSwiftPackageProductDependency section */
		882FA4272591412100F84178 /* AudioKit */ = {
			isa = XCSwiftPackageProductDependency;
			package = 882FA4262591412100F84178 /* XCRemoteSwiftPackageReference "AudioKit" */;
			productName = AudioKit;
		};
/* End XCSwiftPackageProductDependency section */

/* Begin XCVersionGroup section */
		882FA3F325913F0F00F84178 /* MultipleSamplersAudioKit.xcdatamodeld */ = {
			isa = XCVersionGroup;
			children = (
				882FA3F425913F0F00F84178 /* MultipleSamplersAudioKit.xcdatamodel */,
			);
			currentVersion = 882FA3F425913F0F00F84178 /* MultipleSamplersAudioKit.xcdatamodel */;
			path = MultipleSamplersAudioKit.xcdatamodeld;
			sourceTree = "<group>";
			versionGroupType = wrapper.xcdatamodel;
		};
/* End XCVersionGroup section */
	};
	rootObject = 882FA3DF25913F0F00F84178 /* Project object */;
}
